
Microsoft Visual Studio Solution File, Format Version 12.00
# Visual Studio Version 16
VisualStudioVersion = 16.0.31019.35
MinimumVisualStudioVersion = 10.0.40219.1
Project("{9A19103F-16F7-4668-BE54-9A1E7A4F7556}") = "Models", "Models.csproj", "{DEEA4FDF-CC8E-4F05-8BAC-932188EADB5E}"
EndProject
Project("{9A19103F-16F7-4668-BE54-9A1E7A4F7556}") = "DAL", "..\DAL\DAL.csproj", "{DC391445-E508-4405-80A8-4F2754010C23}"
EndProject
Project("{9A19103F-16F7-4668-BE54-9A1E7A4F7556}") = "BLL", "..\BLL\BLL.csproj", "{7D313BD2-2C46-4687-8B3D-AECA2DD6AA35}"
EndProject
Project("{FAE04EC0-301F-11D3-BF4B-00C04F79EFBC}") = "UI", "..\UIs\UI.csproj", "{1E5E5B88-B8F6-4FEC-B023-09BE5F01F1E9}"
EndProject
Global
	GlobalSection(SolutionConfigurationPlatforms) = preSolution
		Debug|Any CPU = Debug|Any CPU
		Release|Any CPU = Release|Any CPU
	EndGlobalSection
	GlobalSection(ProjectConfigurationPlatforms) = postSolution
		{DEEA4FDF-CC8E-4F05-8BAC-932188EADB5E}.Debug|Any CPU.ActiveCfg = Debug|Any CPU
		{DEEA4FDF-CC8E-4F05-8BAC-932188EADB5E}.Debug|Any CPU.Build.0 = Debug|Any CPU
		{DEEA4FDF-CC8E-4F05-8BAC-932188EADB5E}.Release|Any CPU.ActiveCfg = Release|Any CPU
		{DEEA4FDF-CC8E-4F05-8BAC-932188EADB5E}.Release|Any CPU.Build.0 = Release|Any CPU
		{DC391445-E508-4405-80A8-4F2754010C23}.Debug|Any CPU.ActiveCfg = Debug|Any CPU
		{DC391445-E508-4405-80A8-4F2754010C23}.Debug|Any CPU.Build.0 = Debug|Any CPU
		{DC391445-E508-4405-80A8-4F2754010C23}.Release|Any CPU.ActiveCfg = Release|Any CPU
		{DC391445-E508-4405-80A8-4F2754010C23}.Release|Any CPU.Build.0 = Release|Any CPU
		{7D313BD2-2C46-4687-8B3D-AECA2DD6AA35}.Debug|Any CPU.ActiveCfg = Debug|Any CPU
		{7D313BD2-2C46-4687-8B3D-AECA2DD6AA35}.Debug|Any CPU.Build.0 = Debug|Any CPU
		{7D313BD2-2C46-4687-8B3D-AECA2DD6AA35}.Release|Any CPU.ActiveCfg = Release|Any CPU
		{7D313BD2-2C46-4687-8B3D-AECA2DD6AA35}.Release|Any CPU.Build.0 = Release|Any CPU
		{1E5E5B88-B8F6-4FEC-B023-09BE5F01F1E9}.Debug|Any CPU.ActiveCfg = Debug|Any CPU
		{1E5E5B88-B8F6-4FEC-B023-09BE5F01F1E9}.Debug|Any CPU.Build.0 = Debug|Any CPU
		{1E5E5B88-B8F6-4FEC-B023-09BE5F01F1E9}.Release|Any CPU.ActiveCfg = Release|Any CPU
		{1E5E5B88-B8F6-4FEC-B023-09BE5F01F1E9}.Release|Any CPU.Build.0 = Release|Any CPU
	EndGlobalSection
	GlobalSection(SolutionProperties) = preSolution
		HideSolutionNode = FALSE
	EndGlobalSection
	GlobalSection(ExtensibilityGlobals) = postSolution
		SolutionGuid = {2B0CF943-8620-46A7-AFB0-28D434A643EC}
	EndGlobalSection
EndGlobal
